
Microsoft Visual Studio Solution File, Format Version 12.00
# Visual Studio Version 17
VisualStudioVersion = 17.5.33424.131
MinimumVisualStudioVersion = 10.0.40219.1
Project("{FAE04EC0-301F-11D3-BF4B-00C04F79EFBC}") = "Activity 4", "Activity 4\Activity 4.csproj", "{029E7F26-3DC9-4B94-9A99-4C23543D30F1}"
EndProject
Global
	GlobalSection(SolutionConfigurationPlatforms) = preSolution
		Debug|Any CPU = Debug|Any CPU
		Release|Any CPU = Release|Any CPU
	EndGlobalSection
	GlobalSection(ProjectConfigurationPlatforms) = postSolution
		{029E7F26-3DC9-4B94-9A99-4C23543D30F1}.Debug|Any CPU.ActiveCfg = Debug|Any CPU
		{029E7F26-3DC9-4B94-9A99-4C23543D30F1}.Debug|Any CPU.Build.0 = Debug|Any CPU
		{029E7F26-3DC9-4B94-9A99-4C23543D30F1}.Release|Any CPU.ActiveCfg = Release|Any CPU
		{029E7F26-3DC9-4B94-9A99-4C23543D30F1}.Release|Any CPU.Build.0 = Release|Any CPU
	EndGlobalSection
	GlobalSection(SolutionProperties) = preSolution
		HideSolutionNode = FALSE
	EndGlobalSection
	GlobalSection(ExtensibilityGlobals) = postSolution
		SolutionGuid = {EC644A25-41B7-4375-9E03-D20034FD7066}
	EndGlobalSection
EndGlobal
